
Microsoft Visual Studio Solution File, Format Version 12.00
# Visual Studio Version 17
VisualStudioVersion = 17.2.32630.192
MinimumVisualStudioVersion = 10.0.40219.1
Project("{FAE04EC0-301F-11D3-BF4B-00C04F79EFBC}") = "spicy invaders", "spicy invaders\spicy invaders.csproj", "{41545A03-15D6-4314-82BE-F0D48EC1DB57}"
EndProject
Global
	GlobalSection(SolutionConfigurationPlatforms) = preSolution
		Debug|Any CPU = Debug|Any CPU
		Release|Any CPU = Release|Any CPU
	EndGlobalSection
	GlobalSection(ProjectConfigurationPlatforms) = postSolution
		{41545A03-15D6-4314-82BE-F0D48EC1DB57}.Debug|Any CPU.ActiveCfg = Debug|Any CPU
		{41545A03-15D6-4314-82BE-F0D48EC1DB57}.Debug|Any CPU.Build.0 = Debug|Any CPU
		{41545A03-15D6-4314-82BE-F0D48EC1DB57}.Release|Any CPU.ActiveCfg = Release|Any CPU
		{41545A03-15D6-4314-82BE-F0D48EC1DB57}.Release|Any CPU.Build.0 = Release|Any CPU
	EndGlobalSection
	GlobalSection(SolutionProperties) = preSolution
		HideSolutionNode = FALSE
	EndGlobalSection
	GlobalSection(ExtensibilityGlobals) = postSolution
		SolutionGuid = {4BF900ED-BBA4-4FA5-B94B-EFABCD29F87F}
	EndGlobalSection
EndGlobal
